
Microsoft Visual Studio Solution File, Format Version 12.00
# Visual Studio Version 17
VisualStudioVersion = 17.12.35527.113
MinimumVisualStudioVersion = 10.0.40219.1
Project("{FAE04EC0-301F-11D3-BF4B-00C04F79EFBC}") = "eCommerce-Platform", "eCommerce-Platform\eCommerce-Platform.csproj", "{01F7532A-6603-4C6A-A234-86AFC174536E}"
EndProject
Project("{FAE04EC0-301F-11D3-BF4B-00C04F79EFBC}") = "Library.eCommerce", "Library.eCommerce\Library.eCommerce.csproj", "{15C8A1B1-967B-44F1-A213-BE520FD428FA}"
EndProject
Project("{FAE04EC0-301F-11D3-BF4B-00C04F79EFBC}") = "Maui.eCommerce", "Maui.eCommerce\Maui.eCommerce.csproj", "{3B84FE76-950A-459D-B5B1-FF7334887CC4}"
EndProject
Global
	GlobalSection(SolutionConfigurationPlatforms) = preSolution
		Debug|Any CPU = Debug|Any CPU
		Release|Any CPU = Release|Any CPU
	EndGlobalSection
	GlobalSection(ProjectConfigurationPlatforms) = postSolution
		{01F7532A-6603-4C6A-A234-86AFC174536E}.Debug|Any CPU.ActiveCfg = Debug|Any CPU
		{01F7532A-6603-4C6A-A234-86AFC174536E}.Debug|Any CPU.Build.0 = Debug|Any CPU
		{01F7532A-6603-4C6A-A234-86AFC174536E}.Release|Any CPU.ActiveCfg = Release|Any CPU
		{01F7532A-6603-4C6A-A234-86AFC174536E}.Release|Any CPU.Build.0 = Release|Any CPU
		{15C8A1B1-967B-44F1-A213-BE520FD428FA}.Debug|Any CPU.ActiveCfg = Debug|Any CPU
		{15C8A1B1-967B-44F1-A213-BE520FD428FA}.Debug|Any CPU.Build.0 = Debug|Any CPU
		{15C8A1B1-967B-44F1-A213-BE520FD428FA}.Release|Any CPU.ActiveCfg = Release|Any CPU
		{15C8A1B1-967B-44F1-A213-BE520FD428FA}.Release|Any CPU.Build.0 = Release|Any CPU
		{3B84FE76-950A-459D-B5B1-FF7334887CC4}.Debug|Any CPU.ActiveCfg = Debug|Any CPU
		{3B84FE76-950A-459D-B5B1-FF7334887CC4}.Debug|Any CPU.Build.0 = Debug|Any CPU
		{3B84FE76-950A-459D-B5B1-FF7334887CC4}.Debug|Any CPU.Deploy.0 = Debug|Any CPU
		{3B84FE76-950A-459D-B5B1-FF7334887CC4}.Release|Any CPU.ActiveCfg = Release|Any CPU
		{3B84FE76-950A-459D-B5B1-FF7334887CC4}.Release|Any CPU.Build.0 = Release|Any CPU
		{3B84FE76-950A-459D-B5B1-FF7334887CC4}.Release|Any CPU.Deploy.0 = Release|Any CPU
	EndGlobalSection
	GlobalSection(SolutionProperties) = preSolution
		HideSolutionNode = FALSE
	EndGlobalSection
EndGlobal
